
Microsoft Visual Studio Solution File, Format Version 12.00
# Visual Studio Version 16
VisualStudioVersion = 16.0.28917.181
MinimumVisualStudioVersion = 10.0.40219.1
Project("{FAE04EC0-301F-11D3-BF4B-00C04F79EFBC}") = "17605096_GADE6212_POE", "17605096_GADE6212_POE\17605096_GADE6212_POE.csproj", "{982584EC-D729-4DCD-BFB2-675F606FC042}"
EndProject
Global
	GlobalSection(SolutionConfigurationPlatforms) = preSolution
		Debug|Any CPU = Debug|Any CPU
		Release|Any CPU = Release|Any CPU
	EndGlobalSection
	GlobalSection(ProjectConfigurationPlatforms) = postSolution
		{982584EC-D729-4DCD-BFB2-675F606FC042}.Debug|Any CPU.ActiveCfg = Debug|Any CPU
		{982584EC-D729-4DCD-BFB2-675F606FC042}.Debug|Any CPU.Build.0 = Debug|Any CPU
		{982584EC-D729-4DCD-BFB2-675F606FC042}.Release|Any CPU.ActiveCfg = Release|Any CPU
		{982584EC-D729-4DCD-BFB2-675F606FC042}.Release|Any CPU.Build.0 = Release|Any CPU
	EndGlobalSection
	GlobalSection(SolutionProperties) = preSolution
		HideSolutionNode = FALSE
	EndGlobalSection
	GlobalSection(ExtensibilityGlobals) = postSolution
		SolutionGuid = {5C5CDD97-27CD-45DC-9D2C-79D0BBF8C2BA}
	EndGlobalSection
EndGlobal
